
Microsoft Visual Studio Solution File, Format Version 12.00
# Visual Studio Version 16
VisualStudioVersion = 16.0.29926.136
MinimumVisualStudioVersion = 10.0.40219.1
Project("{FAE04EC0-301F-11D3-BF4B-00C04F79EFBC}") = "OODLab9", "OODLab9\OODLab9.csproj", "{B1E79FBB-5715-4A16-8B3F-9FAB81C13370}"
EndProject
Project("{FAE04EC0-301F-11D3-BF4B-00C04F79EFBC}") = "UnitTestProject1", "UnitTestProject1\UnitTestProject1.csproj", "{D2AFF94C-3DE6-4DA6-A1BF-77C28A8F0BA0}"
EndProject
Global
	GlobalSection(SolutionConfigurationPlatforms) = preSolution
		Debug|Any CPU = Debug|Any CPU
		Release|Any CPU = Release|Any CPU
	EndGlobalSection
	GlobalSection(ProjectConfigurationPlatforms) = postSolution
		{B1E79FBB-5715-4A16-8B3F-9FAB81C13370}.Debug|Any CPU.ActiveCfg = Debug|Any CPU
		{B1E79FBB-5715-4A16-8B3F-9FAB81C13370}.Debug|Any CPU.Build.0 = Debug|Any CPU
		{B1E79FBB-5715-4A16-8B3F-9FAB81C13370}.Release|Any CPU.ActiveCfg = Release|Any CPU
		{B1E79FBB-5715-4A16-8B3F-9FAB81C13370}.Release|Any CPU.Build.0 = Release|Any CPU
		{D2AFF94C-3DE6-4DA6-A1BF-77C28A8F0BA0}.Debug|Any CPU.ActiveCfg = Debug|Any CPU
		{D2AFF94C-3DE6-4DA6-A1BF-77C28A8F0BA0}.Debug|Any CPU.Build.0 = Debug|Any CPU
		{D2AFF94C-3DE6-4DA6-A1BF-77C28A8F0BA0}.Release|Any CPU.ActiveCfg = Release|Any CPU
		{D2AFF94C-3DE6-4DA6-A1BF-77C28A8F0BA0}.Release|Any CPU.Build.0 = Release|Any CPU
	EndGlobalSection
	GlobalSection(SolutionProperties) = preSolution
		HideSolutionNode = FALSE
	EndGlobalSection
	GlobalSection(ExtensibilityGlobals) = postSolution
		SolutionGuid = {04E38A31-166D-45A5-B959-8DC5950DAB7A}
	EndGlobalSection
EndGlobal
