
Microsoft Visual Studio Solution File, Format Version 12.00
# Visual Studio Version 16
VisualStudioVersion = 16.0.29728.190
MinimumVisualStudioVersion = 10.0.40219.1
Project("{FAE04EC0-301F-11D3-BF4B-00C04F79EFBC}") = "ClassDatabaseLab1", "ClassDatabaseLab1\ClassDatabaseLab1.csproj", "{891D5B6A-E060-42E5-90EB-26A4C670F9D8}"
EndProject
Global
	GlobalSection(SolutionConfigurationPlatforms) = preSolution
		Debug|Any CPU = Debug|Any CPU
		Release|Any CPU = Release|Any CPU
	EndGlobalSection
	GlobalSection(ProjectConfigurationPlatforms) = postSolution
		{891D5B6A-E060-42E5-90EB-26A4C670F9D8}.Debug|Any CPU.ActiveCfg = Debug|Any CPU
		{891D5B6A-E060-42E5-90EB-26A4C670F9D8}.Debug|Any CPU.Build.0 = Debug|Any CPU
		{891D5B6A-E060-42E5-90EB-26A4C670F9D8}.Release|Any CPU.ActiveCfg = Release|Any CPU
		{891D5B6A-E060-42E5-90EB-26A4C670F9D8}.Release|Any CPU.Build.0 = Release|Any CPU
	EndGlobalSection
	GlobalSection(SolutionProperties) = preSolution
		HideSolutionNode = FALSE
	EndGlobalSection
	GlobalSection(ExtensibilityGlobals) = postSolution
		SolutionGuid = {3E1CDB4C-31A7-4EF3-98A3-C493CB41BF69}
	EndGlobalSection
EndGlobal
