
Microsoft Visual Studio Solution File, Format Version 12.00
# Visual Studio Version 16
VisualStudioVersion = 16.0.29009.5
MinimumVisualStudioVersion = 10.0.40219.1
Project("{FAE04EC0-301F-11D3-BF4B-00C04F79EFBC}") = "IndividualProject_S00180206", "IndividualProject_S00180206\IndividualProject_S00180206.csproj", "{58A9E481-DE77-471E-93AB-78EBE19F0F46}"
EndProject
Project("{FAE04EC0-301F-11D3-BF4B-00C04F79EFBC}") = "TestProject", "TestProject\TestProject.csproj", "{EFC96F83-3E01-4EC6-91DA-B38634C09C84}"
EndProject
Global
	GlobalSection(SolutionConfigurationPlatforms) = preSolution
		Debug|Any CPU = Debug|Any CPU
		Release|Any CPU = Release|Any CPU
	EndGlobalSection
	GlobalSection(ProjectConfigurationPlatforms) = postSolution
		{58A9E481-DE77-471E-93AB-78EBE19F0F46}.Debug|Any CPU.ActiveCfg = Debug|Any CPU
		{58A9E481-DE77-471E-93AB-78EBE19F0F46}.Debug|Any CPU.Build.0 = Debug|Any CPU
		{58A9E481-DE77-471E-93AB-78EBE19F0F46}.Release|Any CPU.ActiveCfg = Release|Any CPU
		{58A9E481-DE77-471E-93AB-78EBE19F0F46}.Release|Any CPU.Build.0 = Release|Any CPU
		{EFC96F83-3E01-4EC6-91DA-B38634C09C84}.Debug|Any CPU.ActiveCfg = Debug|Any CPU
		{EFC96F83-3E01-4EC6-91DA-B38634C09C84}.Debug|Any CPU.Build.0 = Debug|Any CPU
		{EFC96F83-3E01-4EC6-91DA-B38634C09C84}.Release|Any CPU.ActiveCfg = Release|Any CPU
		{EFC96F83-3E01-4EC6-91DA-B38634C09C84}.Release|Any CPU.Build.0 = Release|Any CPU
	EndGlobalSection
	GlobalSection(SolutionProperties) = preSolution
		HideSolutionNode = FALSE
	EndGlobalSection
	GlobalSection(ExtensibilityGlobals) = postSolution
		SolutionGuid = {6E953A4B-7B7B-4A4A-B405-9E02DCCEF015}
	EndGlobalSection
EndGlobal
